
Microsoft Visual Studio Solution File, Format Version 12.00
# Visual Studio Version 16
VisualStudioVersion = 16.0.31702.278
MinimumVisualStudioVersion = 10.0.40219.1
Project("{FAE04EC0-301F-11D3-BF4B-00C04F79EFBC}") = "number_guesser", "number_guesser.csproj", "{5C39A1E5-0BA3-4B72-9860-183295D00F63}"
EndProject
Global
	GlobalSection(SolutionConfigurationPlatforms) = preSolution
		Debug|Any CPU = Debug|Any CPU
		Release|Any CPU = Release|Any CPU
	EndGlobalSection
	GlobalSection(ProjectConfigurationPlatforms) = postSolution
		{5C39A1E5-0BA3-4B72-9860-183295D00F63}.Debug|Any CPU.ActiveCfg = Debug|Any CPU
		{5C39A1E5-0BA3-4B72-9860-183295D00F63}.Debug|Any CPU.Build.0 = Debug|Any CPU
		{5C39A1E5-0BA3-4B72-9860-183295D00F63}.Release|Any CPU.ActiveCfg = Release|Any CPU
		{5C39A1E5-0BA3-4B72-9860-183295D00F63}.Release|Any CPU.Build.0 = Release|Any CPU
	EndGlobalSection
	GlobalSection(SolutionProperties) = preSolution
		HideSolutionNode = FALSE
	EndGlobalSection
	GlobalSection(ExtensibilityGlobals) = postSolution
		SolutionGuid = {8E09FDFF-1AE8-4306-9F1A-E76D7C29D789}
	EndGlobalSection
EndGlobal
